<?xml version="1.0" encoding="utf-8"?>
<Project ToolsVersion="4.0" xmlns="http://schemas.microsoft.com/developer/msbuild/2003">
  <ItemGroup>
    <Filter Include="Game Components">
      <UniqueIdentifier>{12e2040a-18aa-48a3-b3aa-342d2fd4f4d6}</UniqueIdentifier>
    </Filter>
    <Filter Include="Game Objects">
      <UniqueIdentifier>{6d7e455a-c49c-49b2-a839-e5ac04b58c36}</UniqueIdentifier>
    </Filter>
    <Filter Include="Game Objects\Object">
      <UniqueIdentifier>{6eade5db-d1c2-42a9-94c0-bc3663144741}</UniqueIdentifier>
    </Filter>
    <Filter Include="Game Objects\Player">
      <UniqueIdentifier>{52de9033-e6f0-4f2f-90f3-178683878756}</UniqueIdentifier>
    </Filter>
    <Filter Include="Game Scenes">
      <UniqueIdentifier>{35fadef5-241d-418e-99cf-487112f516e6}</UniqueIdentifier>
    </Filter>
    <Filter Include="Game Objects\Items">
      <UniqueIdentifier>{d623cbc5-df90-4692-ab44-1bc9dc22e416}</UniqueIdentifier>
    </Filter>
    <Filter Include="Game Objects\Player\Control">
      <UniqueIdentifier>{935ed9ff-cc6a-48da-bf10-0e4de34e609f}</UniqueIdentifier>
    </Filter>
    <Filter Include="Game Objects\Player\Uncoltrol">
      <UniqueIdentifier>{8fd43ed3-0676-45b6-ba8d-af64630cacb6}</UniqueIdentifier>
    </Filter>
  </ItemGroup>
  <ItemGroup>
    <ClCompile Include="TextureFactory.cpp">
      <Filter>Game Components</Filter>
    </ClCompile>
    <ClCompile Include="Sprite.cpp">
      <Filter>Game Components</Filter>
    </ClCompile>
    <ClCompile Include="Animation.cpp">
      <Filter>Game Components</Filter>
    </ClCompile>
    <ClCompile Include="Game.cpp">
      <Filter>Game Components</Filter>
    </ClCompile>
    <ClCompile Include="GameGlobal.cpp">
      <Filter>Game Components</Filter>
    </ClCompile>
    <ClCompile Include="Object.cpp">
      <Filter>Game Objects\Object</Filter>
    </ClCompile>
    <ClCompile Include="main.cpp">
      <Filter>Game Scenes</Filter>
    </ClCompile>
    <ClCompile Include="PlayScene.cpp">
      <Filter>Game Scenes</Filter>
    </ClCompile>
    <ClCompile Include="SceneManager.cpp">
      <Filter>Game Scenes</Filter>
    </ClCompile>
    <ClCompile Include="SpriteFactory.cpp">
      <Filter>Game Components</Filter>
    </ClCompile>
    <ClCompile Include="Scene.cpp">
      <Filter>Game Scenes</Filter>
    </ClCompile>
    <ClCompile Include="ObjectItemSprite.cpp">
      <Filter>Game Objects\Items</Filter>
    </ClCompile>
    <ClCompile Include="ObjectItem.cpp">
      <Filter>Game Objects\Items</Filter>
    </ClCompile>
    <ClCompile Include="ObjectItemSword.cpp">
      <Filter>Game Objects\Items</Filter>
    </ClCompile>
    <ClCompile Include="Player.cpp">
      <Filter>Game Objects\Player\Control</Filter>
    </ClCompile>
    <ClCompile Include="PlayerAttackingState.cpp">
      <Filter>Game Objects\Player\Control</Filter>
    </ClCompile>
    <ClCompile Include="PlayerClimbingState.cpp">
      <Filter>Game Objects\Player\Control</Filter>
    </ClCompile>
    <ClCompile Include="PlayerClingingState.cpp">
      <Filter>Game Objects\Player\Control</Filter>
    </ClCompile>
    <ClCompile Include="PlayerFallingState.cpp">
      <Filter>Game Objects\Player\Control</Filter>
    </ClCompile>
    <ClCompile Include="PlayerJumpingState.cpp">
      <Filter>Game Objects\Player\Control</Filter>
    </ClCompile>
    <ClCompile Include="PlayerRunningState.cpp">
      <Filter>Game Objects\Player\Control</Filter>
    </ClCompile>
    <ClCompile Include="PlayerSittingState.cpp">
      <Filter>Game Objects\Player\Control</Filter>
    </ClCompile>
    <ClCompile Include="PlayerSprite.cpp">
      <Filter>Game Objects\Player\Control</Filter>
    </ClCompile>
    <ClCompile Include="PlayerStandingState.cpp">
      <Filter>Game Objects\Player\Control</Filter>
    </ClCompile>
    <ClCompile Include="PlayerDeadState.cpp">
      <Filter>Game Objects\Player\Uncoltrol</Filter>
    </ClCompile>
    <ClCompile Include="PlayerInjuredState.cpp">
      <Filter>Game Objects\Player\Uncoltrol</Filter>
    </ClCompile>
    <ClCompile Include="ObjectItemShuriken.cpp">
      <Filter>Game Objects\Items</Filter>
    </ClCompile>
    <ClCompile Include="ObjectItemSwingSword.cpp">
      <Filter>Game Objects\Items</Filter>
    </ClCompile>
  </ItemGroup>
  <ItemGroup>
    <ClInclude Include="Game.h">
      <Filter>Game Components</Filter>
    </ClInclude>
    <ClInclude Include="Animation.h">
      <Filter>Game Components</Filter>
    </ClInclude>
    <ClInclude Include="GameGlobal.h">
      <Filter>Game Components</Filter>
    </ClInclude>
    <ClInclude Include="TextureFactory.h">
      <Filter>Game Components</Filter>
    </ClInclude>
    <ClInclude Include="Sprite.h">
      <Filter>Game Components</Filter>
    </ClInclude>
    <ClInclude Include="Object.h">
      <Filter>Game Objects\Object</Filter>
    </ClInclude>
    <ClInclude Include="SceneManager.h">
      <Filter>Game Scenes</Filter>
    </ClInclude>
    <ClInclude Include="Scene.h">
      <Filter>Game Scenes</Filter>
    </ClInclude>
    <ClInclude Include="PlayScene.h">
      <Filter>Game Scenes</Filter>
    </ClInclude>
    <ClInclude Include="SpriteFactory.h">
      <Filter>Game Components</Filter>
    </ClInclude>
    <ClInclude Include="ObjectItemSprite.h">
      <Filter>Game Objects\Items</Filter>
    </ClInclude>
    <ClInclude Include="ObjectItem.h">
      <Filter>Game Objects\Items</Filter>
    </ClInclude>
    <ClInclude Include="ObjectItemSword.h">
      <Filter>Game Objects\Items</Filter>
    </ClInclude>
    <ClInclude Include="Player.h">
      <Filter>Game Objects\Player\Control</Filter>
    </ClInclude>
    <ClInclude Include="PlayerAttackingState.h">
      <Filter>Game Objects\Player\Control</Filter>
    </ClInclude>
    <ClInclude Include="PlayerClimbingState.h">
      <Filter>Game Objects\Player\Control</Filter>
    </ClInclude>
    <ClInclude Include="PlayerClingingState.h">
      <Filter>Game Objects\Player\Control</Filter>
    </ClInclude>
    <ClInclude Include="PlayerFallingState.h">
      <Filter>Game Objects\Player\Control</Filter>
    </ClInclude>
    <ClInclude Include="PlayerHandler.h">
      <Filter>Game Objects\Player\Control</Filter>
    </ClInclude>
    <ClInclude Include="PlayerJumpingState.h">
      <Filter>Game Objects\Player\Control</Filter>
    </ClInclude>
    <ClInclude Include="PlayerRunningState.h">
      <Filter>Game Objects\Player\Control</Filter>
    </ClInclude>
    <ClInclude Include="PlayerSittingState.h">
      <Filter>Game Objects\Player\Control</Filter>
    </ClInclude>
    <ClInclude Include="PlayerSprite.h">
      <Filter>Game Objects\Player\Control</Filter>
    </ClInclude>
    <ClInclude Include="PlayerStandingState.h">
      <Filter>Game Objects\Player\Control</Filter>
    </ClInclude>
    <ClInclude Include="PlayerState.h">
      <Filter>Game Objects\Player\Control</Filter>
    </ClInclude>
    <ClInclude Include="PlayerDeadState.h">
      <Filter>Game Objects\Player\Uncoltrol</Filter>
    </ClInclude>
    <ClInclude Include="PlayerInjuredState.h">
      <Filter>Game Objects\Player\Uncoltrol</Filter>
    </ClInclude>
    <ClInclude Include="ObjectItemShuriken.h">
      <Filter>Game Objects\Items</Filter>
    </ClInclude>
    <ClInclude Include="ObjectItemSwingSword.h">
      <Filter>Game Objects\Items</Filter>
    </ClInclude>
  </ItemGroup>
  <ItemGroup>
    <None Include="Player.cd" />
  </ItemGroup>
</Project>